
Microsoft Visual Studio Solution File, Format Version 12.00
# Visual Studio Version 16
VisualStudioVersion = 16.0.30320.27
MinimumVisualStudioVersion = 10.0.40219.1
Project("{FAE04EC0-301F-11D3-BF4B-00C04F79EFBC}") = "RastgeleSayi", "RastgeleSayi\RastgeleSayi.csproj", "{8C08C831-AC9F-4C91-A584-7F2BAD56640E}"
EndProject
Global
	GlobalSection(SolutionConfigurationPlatforms) = preSolution
		Debug|Any CPU = Debug|Any CPU
		Release|Any CPU = Release|Any CPU
	EndGlobalSection
	GlobalSection(ProjectConfigurationPlatforms) = postSolution
		{8C08C831-AC9F-4C91-A584-7F2BAD56640E}.Debug|Any CPU.ActiveCfg = Debug|Any CPU
		{8C08C831-AC9F-4C91-A584-7F2BAD56640E}.Debug|Any CPU.Build.0 = Debug|Any CPU
		{8C08C831-AC9F-4C91-A584-7F2BAD56640E}.Release|Any CPU.ActiveCfg = Release|Any CPU
		{8C08C831-AC9F-4C91-A584-7F2BAD56640E}.Release|Any CPU.Build.0 = Release|Any CPU
	EndGlobalSection
	GlobalSection(SolutionProperties) = preSolution
		HideSolutionNode = FALSE
	EndGlobalSection
	GlobalSection(ExtensibilityGlobals) = postSolution
		SolutionGuid = {2B4A37EA-3C6D-4AFB-8365-7BE88313632B}
	EndGlobalSection
EndGlobal
